<?xml version="1.0" encoding="utf-8"?>
<Project ToolsVersion="4.0" xmlns="http://schemas.microsoft.com/developer/msbuild/2003">
  <ItemGroup>
    <Filter Include="Source Files">
      <UniqueIdentifier>{4FC737F1-C7A5-4376-A066-2A32D752A2FF}</UniqueIdentifier>
      <Extensions>cpp;c;cc;cxx;def;odl;idl;hpj;bat;asm;asmx</Extensions>
    </Filter>
    <Filter Include="Header Files">
      <UniqueIdentifier>{93995380-89BD-4b04-88EB-625FBE52EBFB}</UniqueIdentifier>
      <Extensions>h;hh;hpp;hxx;hm;inl;inc;xsd</Extensions>
    </Filter>
    <Filter Include="Resource Files">
      <UniqueIdentifier>{67DA6AB6-F800-4c08-8B7A-83BB121AAD01}</UniqueIdentifier>
      <Extensions>rc;ico;cur;bmp;dlg;rc2;rct;bin;rgs;gif;jpg;jpeg;jpe;resx;tiff;tif;png;wav;mfcribbon-ms</Extensions>
    </Filter>
    <Filter Include="Header Files\Controller">
      <UniqueIdentifier>{2cd138f2-dcfe-4473-b37e-9e30462b9fcd}</UniqueIdentifier>
    </Filter>
    <Filter Include="Header Files\Factory">
      <UniqueIdentifier>{cc841f5c-d357-4ea7-bc1f-c368db575847}</UniqueIdentifier>
    </Filter>
    <Filter Include="Header Files\Logger">
      <UniqueIdentifier>{7f45f966-4dc2-465d-a7b3-070f93532007}</UniqueIdentifier>
    </Filter>
    <Filter Include="Header Files\Model">
      <UniqueIdentifier>{5f4a0bf2-1a41-496d-b0b6-f5c2b91dad8d}</UniqueIdentifier>
    </Filter>
    <Filter Include="Header Files\Util">
      <UniqueIdentifier>{af7be5b8-3f67-442f-88f3-e591b8ac9f93}</UniqueIdentifier>
    </Filter>
    <Filter Include="Header Files\View">
      <UniqueIdentifier>{206c6189-8b34-405d-9c43-58da41283f03}</UniqueIdentifier>
    </Filter>
    <Filter Include="Source Files\Controller">
      <UniqueIdentifier>{24986165-5105-4b90-9213-c75c5db394cb}</UniqueIdentifier>
    </Filter>
    <Filter Include="Source Files\Factory">
      <UniqueIdentifier>{062430fa-74cb-46a4-9832-3fc938f1e775}</UniqueIdentifier>
    </Filter>
    <Filter Include="Source Files\Logger">
      <UniqueIdentifier>{171dd5f2-87e4-4502-9a8e-382eeb06bfc3}</UniqueIdentifier>
    </Filter>
    <Filter Include="Source Files\Model">
      <UniqueIdentifier>{bb2c4a9c-ec30-4153-9d10-60f4aa202cfe}</UniqueIdentifier>
    </Filter>
    <Filter Include="Source Files\View">
      <UniqueIdentifier>{ec7cafb0-642c-4920-bf67-d2974b2cd420}</UniqueIdentifier>
    </Filter>
    <Filter Include="Source Files\Util">
      <UniqueIdentifier>{003ebac7-ce83-4dae-97ae-73418657db39}</UniqueIdentifier>
    </Filter>
  </ItemGroup>
  <ItemGroup>
    <ClCompile Include="main.cpp">
      <Filter>Source Files</Filter>
    </ClCompile>
    <ClCompile Include="src\controller\GameController.cpp">
      <Filter>Source Files\Controller</Filter>
    </ClCompile>
    <ClCompile Include="src\factory\FigureFactory.cpp">
      <Filter>Source Files\Factory</Filter>
    </ClCompile>
    <ClCompile Include="src\logger\Logger.cpp">
      <Filter>Source Files\Logger</Filter>
    </ClCompile>
    <ClCompile Include="src\model\Board.cpp">
      <Filter>Source Files\Model</Filter>
    </ClCompile>
    <ClCompile Include="src\model\Figure.cpp">
      <Filter>Source Files\Model</Filter>
    </ClCompile>
    <ClCompile Include="src\model\NextFigure.cpp">
      <Filter>Source Files\Model</Filter>
    </ClCompile>
    <ClCompile Include="src\util\DrawUtil.cpp">
      <Filter>Source Files\Util</Filter>
    </ClCompile>
    <ClCompile Include="src\view\BoardView.cpp">
      <Filter>Source Files\View</Filter>
    </ClCompile>
    <ClCompile Include="src\view\GameView.cpp">
      <Filter>Source Files\View</Filter>
    </ClCompile>
    <ClCompile Include="src\view\NextFigureView.cpp">
      <Filter>Source Files\View</Filter>
    </ClCompile>
  </ItemGroup>
  <ItemGroup>
    <Image Include="blocks.bmp">
      <Filter>Resource Files</Filter>
    </Image>
  </ItemGroup>
  <ItemGroup>
    <ClInclude Include="include\controller\GameController.h">
      <Filter>Header Files\Controller</Filter>
    </ClInclude>
    <ClInclude Include="include\factory\FigureFactory.h">
      <Filter>Header Files\Factory</Filter>
    </ClInclude>
    <ClInclude Include="include\logger\Logger.h">
      <Filter>Header Files\Logger</Filter>
    </ClInclude>
    <ClInclude Include="include\model\Board.h">
      <Filter>Header Files\Model</Filter>
    </ClInclude>
    <ClInclude Include="include\model\BoardData.h">
      <Filter>Header Files\Model</Filter>
    </ClInclude>
    <ClInclude Include="include\model\Figure.h">
      <Filter>Header Files\Model</Filter>
    </ClInclude>
    <ClInclude Include="include\model\NextFigure.h">
      <Filter>Header Files\Model</Filter>
    </ClInclude>
    <ClInclude Include="include\model\NextFigureData.h">
      <Filter>Header Files\Model</Filter>
    </ClInclude>
    <ClInclude Include="include\util\DrawUtil.h">
      <Filter>Header Files\Util</Filter>
    </ClInclude>
    <ClInclude Include="include\view\AbstractView.h">
      <Filter>Header Files\View</Filter>
    </ClInclude>
    <ClInclude Include="include\view\BoardView.h">
      <Filter>Header Files\View</Filter>
    </ClInclude>
    <ClInclude Include="include\view\GameView.h">
      <Filter>Header Files\View</Filter>
    </ClInclude>
    <ClInclude Include="include\view\NextFigureView.h">
      <Filter>Header Files\View</Filter>
    </ClInclude>
    <ClInclude Include="include\view\View.h">
      <Filter>Header Files\View</Filter>
    </ClInclude>
  </ItemGroup>
</Project>